// !$*UTF8*$!
{
	archiveVersion = 1;
	classes = {
	};
	objectVersion = 48;
	objects = {

/* Begin PBXBuildFile section */
		25D813331F868DF100277F25 /* AppDelegate.swift in Sources */ = {isa = PBXBuildFile; fileRef = 25D813321F868DF100277F25 /* AppDelegate.swift */; };
		25D813381F868DF100277F25 /* Main.storyboard in Resources */ = {isa = PBXBuildFile; fileRef = 25D813361F868DF100277F25 /* Main.storyboard */; };
		25D8133A1F868DF100277F25 /* Assets.xcassets in Resources */ = {isa = PBXBuildFile; fileRef = 25D813391F868DF100277F25 /* Assets.xcassets */; };
		25D8133D1F868DF100277F25 /* LaunchScreen.storyboard in Resources */ = {isa = PBXBuildFile; fileRef = 25D8133B1F868DF100277F25 /* LaunchScreen.storyboard */; };
		25D8134A1F8692FB00277F25 /* Survey.swift in Sources */ = {isa = PBXBuildFile; fileRef = 25D813491F8692FB00277F25 /* Survey.swift */; };
/* End PBXBuildFile section */

/* Begin PBXFileReference section */
		25D8132F1F868DF100277F25 /* Survey.v2.app */ = {isa = PBXFileReference; explicitFileType = wrapper.application; includeInIndex = 0; path = Survey.v2.app; sourceTree = BUILT_PRODUCTS_DIR; };
		25D813321F868DF100277F25 /* AppDelegate.swift */ = {isa = PBXFileReference; lastKnownFileType = sourcecode.swift; path = AppDelegate.swift; sourceTree = "<group>"; };
		25D813371F868DF100277F25 /* Base */ = {isa = PBXFileReference; lastKnownFileType = file.storyboard; name = Base; path = Base.lproj/Main.storyboard; sourceTree = "<group>"; };
		25D813391F868DF100277F25 /* Assets.xcassets */ = {isa = PBXFileReference; lastKnownFileType = folder.assetcatalog; path = Assets.xcassets; sourceTree = "<group>"; };
		25D8133C1F868DF100277F25 /* Base */ = {isa = PBXFileReference; lastKnownFileType = file.storyboard; name = Base; path = Base.lproj/LaunchScreen.storyboard; sourceTree = "<group>"; };
		25D8133E1F868DF100277F25 /* Info.plist */ = {isa = PBXFileReference; lastKnownFileType = text.plist.xml; path = Info.plist; sourceTree = "<group>"; };
		25D813491F8692FB00277F25 /* Survey.swift */ = {isa = PBXFileReference; lastKnownFileType = sourcecode.swift; path = Survey.swift; sourceTree = "<group>"; };
/* End PBXFileReference section */

/* Begin PBXFrameworksBuildPhase section */
		25D8132C1F868DF100277F25 /* Frameworks */ = {
			isa = PBXFrameworksBuildPhase;
			buildActionMask = 2147483647;
			files = (
			);
			runOnlyForDeploymentPostprocessing = 0;
		};
/* End PBXFrameworksBuildPhase section */

/* Begin PBXGroup section */
		25D813261F868DF100277F25 = {
			isa = PBXGroup;
			children = (
				25D813311F868DF100277F25 /* Survey.v2 */,
				25D813301F868DF100277F25 /* Products */,
			);
			sourceTree = "<group>";
		};
		25D813301F868DF100277F25 /* Products */ = {
			isa = PBXGroup;
			children = (
				25D8132F1F868DF100277F25 /* Survey.v2.app */,
			);
			name = Products;
			sourceTree = "<group>";
		};
		25D813311F868DF100277F25 /* Survey.v2 */ = {
			isa = PBXGroup;
			children = (
				25D813481F86928200277F25 /* ModelController */,
				25D813471F86927900277F25 /* ViewController */,
				25D813461F86927300277F25 /* Model */,
				25D813451F86926900277F25 /* Resources */,
				25D813441F86925400277F25 /* Storyboards */,
			);
			path = Survey.v2;
			sourceTree = "<group>";
		};
		25D813441F86925400277F25 /* Storyboards */ = {
			isa = PBXGroup;
			children = (
				25D813361F868DF100277F25 /* Main.storyboard */,
				25D8133B1F868DF100277F25 /* LaunchScreen.storyboard */,
			);
			path = Storyboards;
			sourceTree = "<group>";
		};
		25D813451F86926900277F25 /* Resources */ = {
			isa = PBXGroup;
			children = (
				25D813321F868DF100277F25 /* AppDelegate.swift */,
				25D813391F868DF100277F25 /* Assets.xcassets */,
				25D8133E1F868DF100277F25 /* Info.plist */,
			);
			path = Resources;
			sourceTree = "<group>";
		};
		25D813461F86927300277F25 /* Model */ = {
			isa = PBXGroup;
			children = (
				25D813491F8692FB00277F25 /* Survey.swift */,
			);
			path = Model;
			sourceTree = "<group>";
		};
		25D813471F86927900277F25 /* ViewController */ = {
			isa = PBXGroup;
			children = (
			);
			path = ViewController;
			sourceTree = "<group>";
		};
		25D813481F86928200277F25 /* ModelController */ = {
			isa = PBXGroup;
			children = (
			);
			path = ModelController;
			sourceTree = "<group>";
		};
/* End PBXGroup section */

/* Begin PBXNativeTarget section */
		25D8132E1F868DF100277F25 /* Survey.v2 */ = {
			isa = PBXNativeTarget;
			buildConfigurationList = 25D813411F868DF100277F25 /* Build configuration list for PBXNativeTarget "Survey.v2" */;
			buildPhases = (
				25D8132B1F868DF100277F25 /* Sources */,
				25D8132C1F868DF100277F25 /* Frameworks */,
				25D8132D1F868DF100277F25 /* Resources */,
			);
			buildRules = (
			);
			dependencies = (
			);
			name = Survey.v2;
			productName = Survey.v2;
			productReference = 25D8132F1F868DF100277F25 /* Survey.v2.app */;
			productType = "com.apple.product-type.application";
		};
/* End PBXNativeTarget section */

/* Begin PBXProject section */
		25D813271F868DF100277F25 /* Project object */ = {
			isa = PBXProject;
			attributes = {
				LastSwiftUpdateCheck = 0900;
				LastUpgradeCheck = 0900;
				ORGANIZATIONNAME = "Kaden Oldham";
				TargetAttributes = {
					25D8132E1F868DF100277F25 = {
						CreatedOnToolsVersion = 9.0;
						ProvisioningStyle = Automatic;
					};
				};
			};
			buildConfigurationList = 25D8132A1F868DF100277F25 /* Build configuration list for PBXProject "Survey.v2" */;
			compatibilityVersion = "Xcode 8.0";
			developmentRegion = en;
			hasScannedForEncodings = 0;
			knownRegions = (
				en,
				Base,
			);
			mainGroup = 25D813261F868DF100277F25;
			productRefGroup = 25D813301F868DF100277F25 /* Products */;
			projectDirPath = "";
			projectRoot = "";
			targets = (
				25D8132E1F868DF100277F25 /* Survey.v2 */,
			);
		};
/* End PBXProject section */

/* Begin PBXResourcesBuildPhase section */
		25D8132D1F868DF100277F25 /* Resources */ = {
			isa = PBXResourcesBuildPhase;
			buildActionMask = 2147483647;
			files = (
				25D8133D1F868DF100277F25 /* LaunchScreen.storyboard in Resources */,
				25D8133A1F868DF100277F25 /* Assets.xcassets in Resources */,
				25D813381F868DF100277F25 /* Main.storyboard in Resources */,
			);
			runOnlyForDeploymentPostprocessing = 0;
		};
/* End PBXResourcesBuildPhase section */

/* Begin PBXSourcesBuildPhase section */
		25D8132B1F868DF100277F25 /* Sources */ = {
			isa = PBXSourcesBuildPhase;
			buildActionMask = 2147483647;
			files = (
				25D813331F868DF100277F25 /* AppDelegate.swift in Sources */,
				25D8134A1F8692FB00277F25 /* Survey.swift in Sources */,
			);
			runOnlyForDeploymentPostprocessing = 0;
		};
/* End PBXSourcesBuildPhase section */

/* Begin PBXVariantGroup section */
		25D813361F868DF100277F25 /* Main.storyboard */ = {
			isa = PBXVariantGroup;
			children = (
				25D813371F868DF100277F25 /* Base */,
			);
			name = Main.storyboard;
			sourceTree = "<group>";
		};
		25D8133B1F868DF100277F25 /* LaunchScreen.storyboard */ = {
			isa = PBXVariantGroup;
			children = (
				25D8133C1F868DF100277F25 /* Base */,
			);
			name = LaunchScreen.storyboard;
			sourceTree = "<group>";
		};
/* End PBXVariantGroup section */

/* Begin XCBuildConfiguration section */
		25D8133F1F868DF100277F25 /* Debug */ = {
			isa = XCBuildConfiguration;
			buildSettings = {
				ALWAYS_SEARCH_USER_PATHS = NO;
				CLANG_ANALYZER_NONNULL = YES;
				CLANG_ANALYZER_NUMBER_OBJECT_CONVERSION = YES_AGGRESSIVE;
				CLANG_CXX_LANGUAGE_STANDARD = "gnu++14";
				CLANG_CXX_LIBRARY = "libc++";
				CLANG_ENABLE_MODULES = YES;
				CLANG_ENABLE_OBJC_ARC = YES;
				CLANG_WARN_BLOCK_CAPTURE_AUTORELEASING = YES;
				CLANG_WARN_BOOL_CONVERSION = YES;
				CLANG_WARN_COMMA = YES;
				CLANG_WARN_CONSTANT_CONVERSION = YES;
				CLANG_WARN_DIRECT_OBJC_ISA_USAGE = YES_ERROR;
				CLANG_WARN_DOCUMENTATION_COMMENTS = YES;
				CLANG_WARN_EMPTY_BODY = YES;
				CLANG_WARN_ENUM_CONVERSION = YES;
				CLANG_WARN_INFINITE_RECURSION = YES;
				CLANG_WARN_INT_CONVERSION = YES;
				CLANG_WARN_NON_LITERAL_NULL_CONVERSION = YES;
				CLANG_WARN_OBJC_LITERAL_CONVERSION = YES;
				CLANG_WARN_OBJC_ROOT_CLASS = YES_ERROR;
				CLANG_WARN_RANGE_LOOP_ANALYSIS = YES;
				CLANG_WARN_STRICT_PROTOTYPES = YES;
				CLANG_WARN_SUSPICIOUS_MOVE = YES;
				CLANG_WARN_UNGUARDED_AVAILABILITY = YES_AGGRESSIVE;
				CLANG_WARN_UNREACHABLE_CODE = YES;
				CLANG_WARN__DUPLICATE_METHOD_MATCH = YES;
				CODE_SIGN_IDENTITY = "iPhone Developer";
				COPY_PHASE_STRIP = NO;
				DEBUG_INFORMATION_FORMAT = dwarf;
				ENABLE_STRICT_OBJC_MSGSEND = YES;
				ENABLE_TESTABILITY = YES;
				GCC_C_LANGUAGE_STANDARD = gnu11;
				GCC_DYNAMIC_NO_PIC = NO;
				GCC_NO_COMMON_BLOCKS = YES;
				GCC_OPTIMIZATION_LEVEL = 0;
				GCC_PREPROCESSOR_DEFINITIONS = (
					"DEBUG=1",
					"$(inherited)",
				);
				GCC_WARN_64_TO_32_BIT_CONVERSION = YES;
				GCC_WARN_ABOUT_RETURN_TYPE = YES_ERROR;
				GCC_WARN_UNDECLARED_SELECTOR = YES;
				GCC_WARN_UNINITIALIZED_AUTOS = YES_AGGRESSIVE;
				GCC_WARN_UNUSED_FUNCTION = YES;
				GCC_WARN_UNUSED_VARIABLE = YES;
				IPHONEOS_DEPLOYMENT_TARGET = 11.0;
				MTL_ENABLE_DEBUG_INFO = YES;
				ONLY_ACTIVE_ARCH = YES;
				SDKROOT = iphoneos;
				SWIFT_ACTIVE_COMPILATION_CONDITIONS = DEBUG;
				SWIFT_OPTIMIZATION_LEVEL = "-Onone";
			};
			name = Debug;
		};
		25D813401F868DF100277F25 /* Release */ = {
			isa = XCBuildConfiguration;
			buildSettings = {
				ALWAYS_SEARCH_USER_PATHS = NO;
				CLANG_ANALYZER_NONNULL = YES;
				CLANG_ANALYZER_NUMBER_OBJECT_CONVERSION = YES_AGGRESSIVE;
				CLANG_CXX_LANGUAGE_STANDARD = "gnu++14";
				CLANG_CXX_LIBRARY = "libc++";
				CLANG_ENABLE_MODULES = YES;
				CLANG_ENABLE_OBJC_ARC = YES;
				CLANG_WARN_BLOCK_CAPTURE_AUTORELEASING = YES;
				CLANG_WARN_BOOL_CONVERSION = YES;
				CLANG_WARN_COMMA = YES;
				CLANG_WARN_CONSTANT_CONVERSION = YES;
				CLANG_WARN_DIRECT_OBJC_ISA_USAGE = YES_ERROR;
				CLANG_WARN_DOCUMENTATION_COMMENTS = YES;
				CLANG_WARN_EMPTY_BODY = YES;
				CLANG_WARN_ENUM_CONVERSION = YES;
				CLANG_WARN_INFINITE_RECURSION = YES;
				CLANG_WARN_INT_CONVERSION = YES;
				CLANG_WARN_NON_LITERAL_NULL_CONVERSION = YES;
				CLANG_WARN_OBJC_LITERAL_CONVERSION = YES;
				CLANG_WARN_OBJC_ROOT_CLASS = YES_ERROR;
				CLANG_WARN_RANGE_LOOP_ANALYSIS = YES;
				CLANG_WARN_STRICT_PROTOTYPES = YES;
				CLANG_WARN_SUSPICIOUS_MOVE = YES;
				CLANG_WARN_UNGUARDED_AVAILABILITY = YES_AGGRESSIVE;
				CLANG_WARN_UNREACHABLE_CODE = YES;
				CLANG_WARN__DUPLICATE_METHOD_MATCH = YES;
				CODE_SIGN_IDENTITY = "iPhone Developer";
				COPY_PHASE_STRIP = NO;
				DEBUG_INFORMATION_FORMAT = "dwarf-with-dsym";
				ENABLE_NS_ASSERTIONS = NO;
				ENABLE_STRICT_OBJC_MSGSEND = YES;
				GCC_C_LANGUAGE_STANDARD = gnu11;
				GCC_NO_COMMON_BLOCKS = YES;
				GCC_WARN_64_TO_32_BIT_CONVERSION = YES;
				GCC_WARN_ABOUT_RETURN_TYPE = YES_ERROR;
				GCC_WARN_UNDECLARED_SELECTOR = YES;
				GCC_WARN_UNINITIALIZED_AUTOS = YES_AGGRESSIVE;
				GCC_WARN_UNUSED_FUNCTION = YES;
				GCC_WARN_UNUSED_VARIABLE = YES;
				IPHONEOS_DEPLOYMENT_TARGET = 11.0;
				MTL_ENABLE_DEBUG_INFO = NO;
				SDKROOT = iphoneos;
				SWIFT_OPTIMIZATION_LEVEL = "-Owholemodule";
				VALIDATE_PRODUCT = YES;
			};
			name = Release;
		};
		25D813421F868DF100277F25 /* Debug */ = {
			isa = XCBuildConfiguration;
			buildSettings = {
				ASSETCATALOG_COMPILER_APPICON_NAME = AppIcon;
				CODE_SIGN_STYLE = Automatic;
				DEVELOPMENT_TEAM = W6E3GKZT85;
				INFOPLIST_FILE = "$(SRCROOT)/Survey.v2/Resources/Info.plist";
				LD_RUNPATH_SEARCH_PATHS = "$(inherited) @executable_path/Frameworks";
				PRODUCT_BUNDLE_IDENTIFIER = "com.KadenOldham.Survey-v2";
				PRODUCT_NAME = "$(TARGET_NAME)";
				SWIFT_VERSION = 4.0;
				TARGETED_DEVICE_FAMILY = "1,2";
			};
			name = Debug;
		};
		25D813431F868DF100277F25 /* Release */ = {
			isa = XCBuildConfiguration;
			buildSettings = {
				ASSETCATALOG_COMPILER_APPICON_NAME = AppIcon;
				CODE_SIGN_STYLE = Automatic;
				DEVELOPMENT_TEAM = W6E3GKZT85;
				INFOPLIST_FILE = "$(SRCROOT)/Survey.v2/Resources/Info.plist";
				LD_RUNPATH_SEARCH_PATHS = "$(inherited) @executable_path/Frameworks";
				PRODUCT_BUNDLE_IDENTIFIER = "com.KadenOldham.Survey-v2";
				PRODUCT_NAME = "$(TARGET_NAME)";
				SWIFT_VERSION = 4.0;
				TARGETED_DEVICE_FAMILY = "1,2";
			};
			name = Release;
		};
/* End XCBuildConfiguration section */

/* Begin XCConfigurationList section */
		25D8132A1F868DF100277F25 /* Build configuration list for PBXProject "Survey.v2" */ = {
			isa = XCConfigurationList;
			buildConfigurations = (
				25D8133F1F868DF100277F25 /* Debug */,
				25D813401F868DF100277F25 /* Release */,
			);
			defaultConfigurationIsVisible = 0;
			defaultConfigurationName = Release;
		};
		25D813411F868DF100277F25 /* Build configuration list for PBXNativeTarget "Survey.v2" */ = {
			isa = XCConfigurationList;
			buildConfigurations = (
				25D813421F868DF100277F25 /* Debug */,
				25D813431F868DF100277F25 /* Release */,
			);
			defaultConfigurationIsVisible = 0;
			defaultConfigurationName = Release;
		};
/* End XCConfigurationList section */
	};
	rootObject = 25D813271F868DF100277F25 /* Project object */;
}
